# This file is generated by running "yarn install" inside your project.
# Manual changes might be lost - proceed with caution!

__metadata:
  version: 7
  cacheKey: 0

"@scoped/patch@npm:1.0.0":
  version: 1.0.0
  resolution: "@scoped/patch@npm:1.0.0"
  checksum: a66cf4ff65e1170614fddfcab8fed08b15d7fedb785a94e4e1845076841bd18a80e0b2bd1461e3a184e44a329b4513fc12f7bbd69114943370aa6edd9ae59524
  languageName: node
  linkType: hard

"@scoped/patch@patch:@scoped/patch@1.0.0#./alias.patch::locator=foo%40workspace%3A.":
  version: 1.0.0
  resolution: "@scoped/patch@patch:@scoped/patch@npm%3A1.0.0#./alias.patch::version=1.0.0&hash=fa294a&locator=foo%40workspace%3A."
  checksum: f9f05a295803f5847f002f8c5d1829b98438c028f6dd898923ea2a2b28baa2eff252596ed206a3d76bbe3e045ae2e2ddc93956da74e66b5c918f386e08bf72b2
  languageName: node
  linkType: hard

"alias@npm:patch@1.0.0, patch@npm:latest":
  version: 1.0.0
  resolution: "patch@npm:1.0.0"
  checksum: c01c6b0c9b86548dbee97f6fb2153044ddebc97f48e0233302d47e1425b0f626e7cb59a51cf0c89563bc50f0bc1124d23d8e61bd5415d2a9025f23650bedffc7
  languageName: node
  linkType: hard

"file@file:./file-dep::locator=foo%40workspace%3A.":
  version: 1.1.0
  resolution: "file@file:./file-dep#./file-dep::hash=8329ff&locator=foo%40workspace%3A."
  checksum: bb77f2bc993514a0f2a712fb920584c6be7f6cad8b72969a697afd09b1b7615237d843514491025c22e0ec7bb059123bdcd8659f33ce5133dfeb5ae63267b9f0
  languageName: node
  linkType: hard

"foo@workspace:.":
  version: 0.0.0-use.local
  resolution: "foo@workspace:."
  dependencies:
    "@scoped/patch": "patch:@scoped/patch@1.0.0#./alias.patch"
    alias: "npm:patch@1.0.0"
    file: "file:./file-dep"
    major: "npm:*"
    minor: "npm:>1.0.0 <2.0.0"
    patch: "npm:latest"
  languageName: unknown
  linkType: soft

"major@npm:*":
  version: 1.0.0
  resolution: "major@npm:1.0.0"
  checksum: 1d6bda91b0cfdf6d5ca9c167a0daa2f6fb859b434ecb6e95155fcbe051c3ff5d44489592767117e7818ae24799c90aac710fa4bde0d2e83e816170d2695bfcea
  languageName: node
  linkType: hard

"minor@npm:>1.0.0 <2.0.0":
  version: 1.0.0
  resolution: "minor@npm:1.0.0"
  checksum: 38465fcac78151415aa8d5bcc7572678fb6bc14477ef1e3b659cba9a1f4e886c19509336ad21b35d18b430477a19e3e57b3d46cd3a46b7465117da435f32ef6a
  languageName: node
  linkType: hard
