# This file is generated by running "yarn install" inside your project.
# Manual changes might be lost - proceed with caution!

__metadata:
  version: 8
  cacheKey: 0c0

"@scoped/patch@npm:1.0.0":
  version: 1.0.0
  resolution: "@scoped/patch@npm:1.0.0"
  checksum: 6ac16c62460050c4c6c90936ac0c59e61aee45d8e54dcfc716121363bafe22268ab68cf27504760a90d7240b8d1a2f100ba86643fd2ff937d893f312884895a1
  languageName: node
  linkType: hard

"@scoped/patch@patch:@scoped/patch@1.0.0#./alias.patch::locator=foo%40workspace%3A.":
  version: 1.0.0
  resolution: "@scoped/patch@patch:@scoped/patch@npm%3A1.0.0#./alias.patch::version=1.0.0&hash=2af0b6&locator=foo%40workspace%3A."
  checksum: fe9c0fc613af446c1d9e6a9e89a4e79c5d9b0a239d72e00dba97c38ea5389a58b0e72716671fbae3626eee924d029eaef0e98058847e6837709ae7f5958356ae
  languageName: node
  linkType: hard

"alias@npm:patch@1.0.0, patch@npm:1.0.0":
  version: 1.0.0
  resolution: "patch@npm:1.0.0"
  checksum: fefc3789ae23516a1107fbf4026c9d6e90a68ce590fd0014e69233698a1f6267d071d1080efd5b920f5fb64c46f9b1e76ae6d98fd9fb3bf28f01c745f02991d8
  languageName: node
  linkType: hard

"file@file:./file-dep::locator=foo%40workspace%3A.":
  version: 1.1.0
  resolution: "file@file:./file-dep#./file-dep::hash=8329ff&locator=foo%40workspace%3A."
  checksum: bb77f2bc993514a0f2a712fb920584c6be7f6cad8b72969a697afd09b1b7615237d843514491025c22e0ec7bb059123bdcd8659f33ce5133dfeb5ae63267b9f0
  languageName: node
  linkType: hard

"foo@workspace:.":
  version: 0.0.0-use.local
  resolution: "foo@workspace:."
  dependencies:
    "@scoped/patch": "patch:@scoped/patch@1.0.0#./alias.patch"
    alias: "npm:patch@1.0.0"
    file: "file:./file-dep"
    githubA: mskelton/lazy-context
    githubB: "github:mskelton/lazy-context"
    githubC: "git@github.com:mskelton/lazy-context.git"
    major: "npm:1.0.0"
    minor: "npm:1.0.0"
    patch: "npm:1.0.0"
  languageName: unknown
  linkType: soft

githubA@mskelton/lazy-context:
  version: 0.0.0-semantically-released
  resolution: "githubA@https://github.com/mskelton/lazy-context.git#commit=01feb76ed5e7e9418efd2b49055505c760f65112"
  peerDependencies:
    react: ">=18"
  checksum: f5d38dae00574ba1f36a6541e1f4c5c546fef5d3fc332724008039e3447d6c268fe3d5d8a307b087d358220164d93f24bdb5c415ffa36fb6fe335c8a2de7ff4c
  languageName: node
  linkType: hard

"githubB@github:mskelton/lazy-context":
  version: 0.0.0-semantically-released
  resolution: "githubB@https://github.com/mskelton/lazy-context.git#commit=01feb76ed5e7e9418efd2b49055505c760f65112"
  peerDependencies:
    react: ">=18"
  checksum: b950e021f79f81f07c9205d132052ee1bb377a7f841f5e671196186947285a9bfd1b8b8a4905e747e8801f1718da03b5fb3c41f5f0de4f58573128b23a1416d5
  languageName: node
  linkType: hard

"githubC@git@github.com:mskelton/lazy-context.git":
  version: 0.0.0-semantically-released
  resolution: "githubC@git@github.com:mskelton/lazy-context.git#commit=01feb76ed5e7e9418efd2b49055505c760f65112"
  peerDependencies:
    react: ">=18"
  checksum: 4311df942722c8ef262c1dc8325db6d6952a4f427237bf52c4bf5ef4d5d5561f7cf42d9f6acd953fb7a59f0ad93ae490e5257afa454afeea95746922bfa10bca
  languageName: node
  linkType: hard

"major@npm:1.0.0":
  version: 1.0.0
  resolution: "major@npm:1.0.0"
  checksum: 886aec501b6e1ea8c3b5be51fea5b2bc28cbf0e6e862e6faf659aeed711c777e9b7da7adb0ff53eb4420013b85d9b2ff4945b4ea6b33247fadb24f7d186d463f
  languageName: node
  linkType: hard

"minor@npm:1.0.0":
  version: 1.0.0
  resolution: "minor@npm:1.0.0"
  checksum: ed93b0483af0cf1c8558240ca5d451351c0d2c789458fa2b4085eca60e110bc41b83bd3e88c4b6333e7a84a86f65ac4eedff6818828b2cb4b7c495f5f1dfcffe
  languageName: node
  linkType: hard
