# This file is generated by running "yarn install" inside your project.
# Manual changes might be lost - proceed with caution!

__metadata:
  version: 4
  cacheKey: 0

"alias@npm:patch@1.0.0, patch@npm:latest":
  version: 1.0.0
  resolution: "patch@npm:1.0.0"
  checksum: c01c6b0c9b86548dbee97f6fb2153044ddebc97f48e0233302d47e1425b0f626e7cb59a51cf0c89563bc50f0bc1124d23d8e61bd5415d2a9025f23650bedffc7
  languageName: node
  linkType: hard

"major@npm:*":
  version: 1.0.0
  resolution: "major@npm:1.0.0"
  checksum: 1d6bda91b0cfdf6d5ca9c167a0daa2f6fb859b434ecb6e95155fcbe051c3ff5d44489592767117e7818ae24799c90aac710fa4bde0d2e83e816170d2695bfcea
  languageName: node
  linkType: hard

"minor@npm:>1.0.0 <2.0.0":
  version: 1.0.0
  resolution: "minor@npm:1.0.0"
  checksum: 38465fcac78151415aa8d5bcc7572678fb6bc14477ef1e3b659cba9a1f4e886c19509336ad21b35d18b430477a19e3e57b3d46cd3a46b7465117da435f32ef6a
  languageName: node
  linkType: hard

"file@file:./file-dep::locator=foo%40workspace%3A.":
  version: 1.1.0
  resolution: "file@file:./file-dep#./file-dep::hash=e1d8a7&locator=foo%40workspace%3A."
  checksum: 48b1a389c5d385395414409e2515f68d0c308c3928966784f9bd5b4488956101113bffc78dd83a72a84c691d2449b53caa8ca2e3b39894325c0bc87adb299c7f
  languageName: node
  linkType: hard

"foo@workspace:.":
  version: 0.0.0-use.local
  resolution: "foo@workspace:."
  dependencies:
    alias: "npm:patch@1.0.0"
    major: "*"
    minor: ">1.0.0 <2.0.0"
    patch: latest
  languageName: unknown
  linkType: soft
